
Microsoft Visual Studio Solution File, Format Version 12.00
# Visual Studio Version 17
VisualStudioVersion = 17.8.34322.80
MinimumVisualStudioVersion = 10.0.40219.1
Project("{FAE04EC0-301F-11D3-BF4B-00C04F79EFBC}") = "BackgroundApp", "BackgroundApp\BackgroundApp.csproj", "{A11D31F0-7E8F-4AB2-86FC-2647BE69DD7B}"
EndProject
Global
	GlobalSection(SolutionConfigurationPlatforms) = preSolution
		Debug|Any CPU = Debug|Any CPU
		Release|Any CPU = Release|Any CPU
	EndGlobalSection
	GlobalSection(ProjectConfigurationPlatforms) = postSolution
		{A11D31F0-7E8F-4AB2-86FC-2647BE69DD7B}.Debug|Any CPU.ActiveCfg = Debug|Any CPU
		{A11D31F0-7E8F-4AB2-86FC-2647BE69DD7B}.Debug|Any CPU.Build.0 = Debug|Any CPU
		{A11D31F0-7E8F-4AB2-86FC-2647BE69DD7B}.Release|Any CPU.ActiveCfg = Release|Any CPU
		{A11D31F0-7E8F-4AB2-86FC-2647BE69DD7B}.Release|Any CPU.Build.0 = Release|Any CPU
	EndGlobalSection
	GlobalSection(SolutionProperties) = preSolution
		HideSolutionNode = FALSE
	EndGlobalSection
	GlobalSection(ExtensibilityGlobals) = postSolution
		SolutionGuid = {8ED7CE82-7182-4CE8-95DC-39BB0339DCF5}
	EndGlobalSection
EndGlobal
